# This file was autogenerated by Stack.
# You should not edit this file by hand.
# For more information, please see the documentation at:
#   https://docs.haskellstack.org/en/stable/lock_files

packages:
- completed:
    hackage: haskoin-core-0.20.4@sha256:9a50deda956e3a11a315da37be1558f5a2d0252775f7f00e4dfae9b339c9583f,4836
    pantry-tree:
      size: 5111
      sha256: f932b34e863d6cabc204cb22da459047d4d36729af7dd7d1554b0a349ced88e8
  original:
    hackage: haskoin-core-0.20.4
snapshots:
- completed:
    size: 587113
    url: https://raw.githubusercontent.com/commercialhaskell/stackage-snapshots/master/lts/18/6.yaml
    sha256: f74c482d7c93739ecf3abfbc0f2dea1c20a2dfb2462c689846ed55a9653b66f7
  original: lts-18.6
